// !$*UTF8*$!
{
	archiveVersion = 1;
	classes = {
	};
	objectVersion = 46;
	objects = {

/* Begin PBXBuildFile section */
		EC2A48BF1E9C9A2C0093E224 /* AppDelegate.swift in Sources */ = {isa = PBXBuildFile; fileRef = EC2A48BE1E9C9A2C0093E224 /* AppDelegate.swift */; };
		EC2A48C11E9C9A2C0093E224 /* ViewController.swift in Sources */ = {isa = PBXBuildFile; fileRef = EC2A48C01E9C9A2C0093E224 /* ViewController.swift */; };
		EC2A48C41E9C9A2C0093E224 /* Main.storyboard in Resources */ = {isa = PBXBuildFile; fileRef = EC2A48C21E9C9A2C0093E224 /* Main.storyboard */; };
		EC2A48C71E9C9A2C0093E224 /* toDo.xcdatamodeld in Sources */ = {isa = PBXBuildFile; fileRef = EC2A48C51E9C9A2C0093E224 /* toDo.xcdatamodeld */; };
		EC2A48C91E9C9A2C0093E224 /* Assets.xcassets in Resources */ = {isa = PBXBuildFile; fileRef = EC2A48C81E9C9A2C0093E224 /* Assets.xcassets */; };
		EC2A48CC1E9C9A2C0093E224 /* LaunchScreen.storyboard in Resources */ = {isa = PBXBuildFile; fileRef = EC2A48CA1E9C9A2C0093E224 /* LaunchScreen.storyboard */; };
/* End PBXBuildFile section */

/* Begin PBXFileReference section */
		EC2A48BB1E9C9A2C0093E224 /* toDo.app */ = {isa = PBXFileReference; explicitFileType = wrapper.application; includeInIndex = 0; path = toDo.app; sourceTree = BUILT_PRODUCTS_DIR; };
		EC2A48BE1E9C9A2C0093E224 /* AppDelegate.swift */ = {isa = PBXFileReference; lastKnownFileType = sourcecode.swift; path = AppDelegate.swift; sourceTree = "<group>"; };
		EC2A48C01E9C9A2C0093E224 /* ViewController.swift */ = {isa = PBXFileReference; lastKnownFileType = sourcecode.swift; path = ViewController.swift; sourceTree = "<group>"; };
		EC2A48C31E9C9A2C0093E224 /* Base */ = {isa = PBXFileReference; lastKnownFileType = file.storyboard; name = Base; path = Base.lproj/Main.storyboard; sourceTree = "<group>"; };
		EC2A48C61E9C9A2C0093E224 /* toDo.xcdatamodel */ = {isa = PBXFileReference; lastKnownFileType = wrapper.xcdatamodel; path = toDo.xcdatamodel; sourceTree = "<group>"; };
		EC2A48C81E9C9A2C0093E224 /* Assets.xcassets */ = {isa = PBXFileReference; lastKnownFileType = folder.assetcatalog; path = Assets.xcassets; sourceTree = "<group>"; };
		EC2A48CB1E9C9A2C0093E224 /* Base */ = {isa = PBXFileReference; lastKnownFileType = file.storyboard; name = Base; path = Base.lproj/LaunchScreen.storyboard; sourceTree = "<group>"; };
		EC2A48CD1E9C9A2C0093E224 /* Info.plist */ = {isa = PBXFileReference; lastKnownFileType = text.plist.xml; path = Info.plist; sourceTree = "<group>"; };
/* End PBXFileReference section */

/* Begin PBXFrameworksBuildPhase section */
		EC2A48B81E9C9A2C0093E224 /* Frameworks */ = {
			isa = PBXFrameworksBuildPhase;
			buildActionMask = 2147483647;
			files = (
			);
			runOnlyForDeploymentPostprocessing = 0;
		};
/* End PBXFrameworksBuildPhase section */

/* Begin PBXGroup section */
		EC2A48B21E9C9A2B0093E224 = {
			isa = PBXGroup;
			children = (
				EC2A48BD1E9C9A2C0093E224 /* toDo */,
				EC2A48BC1E9C9A2C0093E224 /* Products */,
			);
			sourceTree = "<group>";
		};
		EC2A48BC1E9C9A2C0093E224 /* Products */ = {
			isa = PBXGroup;
			children = (
				EC2A48BB1E9C9A2C0093E224 /* toDo.app */,
			);
			name = Products;
			sourceTree = "<group>";
		};
		EC2A48BD1E9C9A2C0093E224 /* toDo */ = {
			isa = PBXGroup;
			children = (
				EC2A48BE1E9C9A2C0093E224 /* AppDelegate.swift */,
				EC2A48C01E9C9A2C0093E224 /* ViewController.swift */,
				EC2A48C21E9C9A2C0093E224 /* Main.storyboard */,
				EC2A48C81E9C9A2C0093E224 /* Assets.xcassets */,
				EC2A48CA1E9C9A2C0093E224 /* LaunchScreen.storyboard */,
				EC2A48CD1E9C9A2C0093E224 /* Info.plist */,
				EC2A48C51E9C9A2C0093E224 /* toDo.xcdatamodeld */,
			);
			path = toDo;
			sourceTree = "<group>";
		};
/* End PBXGroup section */

/* Begin PBXNativeTarget section */
		EC2A48BA1E9C9A2C0093E224 /* toDo */ = {
			isa = PBXNativeTarget;
			buildConfigurationList = EC2A48D01E9C9A2C0093E224 /* Build configuration list for PBXNativeTarget "toDo" */;
			buildPhases = (
				EC2A48B71E9C9A2C0093E224 /* Sources */,
				EC2A48B81E9C9A2C0093E224 /* Frameworks */,
				EC2A48B91E9C9A2C0093E224 /* Resources */,
			);
			buildRules = (
			);
			dependencies = (
			);
			name = toDo;
			productName = toDo;
			productReference = EC2A48BB1E9C9A2C0093E224 /* toDo.app */;
			productType = "com.apple.product-type.application";
		};
/* End PBXNativeTarget section */

/* Begin PBXProject section */
		EC2A48B31E9C9A2B0093E224 /* Project object */ = {
			isa = PBXProject;
			attributes = {
				LastSwiftUpdateCheck = 0820;
				LastUpgradeCheck = 0820;
				ORGANIZATIONNAME = Boki;
				TargetAttributes = {
					EC2A48BA1E9C9A2C0093E224 = {
						CreatedOnToolsVersion = 8.2.1;
						DevelopmentTeam = 49CW28GC8V;
						ProvisioningStyle = Automatic;
					};
				};
			};
			buildConfigurationList = EC2A48B61E9C9A2B0093E224 /* Build configuration list for PBXProject "toDo" */;
			compatibilityVersion = "Xcode 3.2";
			developmentRegion = English;
			hasScannedForEncodings = 0;
			knownRegions = (
				en,
				Base,
			);
			mainGroup = EC2A48B21E9C9A2B0093E224;
			productRefGroup = EC2A48BC1E9C9A2C0093E224 /* Products */;
			projectDirPath = "";
			projectRoot = "";
			targets = (
				EC2A48BA1E9C9A2C0093E224 /* toDo */,
			);
		};
/* End PBXProject section */

/* Begin PBXResourcesBuildPhase section */
		EC2A48B91E9C9A2C0093E224 /* Resources */ = {
			isa = PBXResourcesBuildPhase;
			buildActionMask = 2147483647;
			files = (
				EC2A48CC1E9C9A2C0093E224 /* LaunchScreen.storyboard in Resources */,
				EC2A48C91E9C9A2C0093E224 /* Assets.xcassets in Resources */,
				EC2A48C41E9C9A2C0093E224 /* Main.storyboard in Resources */,
			);
			runOnlyForDeploymentPostprocessing = 0;
		};
/* End PBXResourcesBuildPhase section */

/* Begin PBXSourcesBuildPhase section */
		EC2A48B71E9C9A2C0093E224 /* Sources */ = {
			isa = PBXSourcesBuildPhase;
			buildActionMask = 2147483647;
			files = (
				EC2A48C11E9C9A2C0093E224 /* ViewController.swift in Sources */,
				EC2A48BF1E9C9A2C0093E224 /* AppDelegate.swift in Sources */,
				EC2A48C71E9C9A2C0093E224 /* toDo.xcdatamodeld in Sources */,
			);
			runOnlyForDeploymentPostprocessing = 0;
		};
/* End PBXSourcesBuildPhase section */

/* Begin PBXVariantGroup section */
		EC2A48C21E9C9A2C0093E224 /* Main.storyboard */ = {
			isa = PBXVariantGroup;
			children = (
				EC2A48C31E9C9A2C0093E224 /* Base */,
			);
			name = Main.storyboard;
			sourceTree = "<group>";
		};
		EC2A48CA1E9C9A2C0093E224 /* LaunchScreen.storyboard */ = {
			isa = PBXVariantGroup;
			children = (
				EC2A48CB1E9C9A2C0093E224 /* Base */,
			);
			name = LaunchScreen.storyboard;
			sourceTree = "<group>";
		};
/* End PBXVariantGroup section */

/* Begin XCBuildConfiguration section */
		EC2A48CE1E9C9A2C0093E224 /* Debug */ = {
			isa = XCBuildConfiguration;
			buildSettings = {
				ALWAYS_SEARCH_USER_PATHS = NO;
				CLANG_ANALYZER_NONNULL = YES;
				CLANG_CXX_LANGUAGE_STANDARD = "gnu++0x";
				CLANG_CXX_LIBRARY = "libc++";
				CLANG_ENABLE_MODULES = YES;
				CLANG_ENABLE_OBJC_ARC = YES;
				CLANG_WARN_BOOL_CONVERSION = YES;
				CLANG_WARN_CONSTANT_CONVERSION = YES;
				CLANG_WARN_DIRECT_OBJC_ISA_USAGE = YES_ERROR;
				CLANG_WARN_DOCUMENTATION_COMMENTS = YES;
				CLANG_WARN_EMPTY_BODY = YES;
				CLANG_WARN_ENUM_CONVERSION = YES;
				CLANG_WARN_INFINITE_RECURSION = YES;
				CLANG_WARN_INT_CONVERSION = YES;
				CLANG_WARN_OBJC_ROOT_CLASS = YES_ERROR;
				CLANG_WARN_SUSPICIOUS_MOVE = YES;
				CLANG_WARN_UNREACHABLE_CODE = YES;
				CLANG_WARN__DUPLICATE_METHOD_MATCH = YES;
				"CODE_SIGN_IDENTITY[sdk=iphoneos*]" = "iPhone Developer";
				COPY_PHASE_STRIP = NO;
				DEBUG_INFORMATION_FORMAT = dwarf;
				ENABLE_STRICT_OBJC_MSGSEND = YES;
				ENABLE_TESTABILITY = YES;
				GCC_C_LANGUAGE_STANDARD = gnu99;
				GCC_DYNAMIC_NO_PIC = NO;
				GCC_NO_COMMON_BLOCKS = YES;
				GCC_OPTIMIZATION_LEVEL = 0;
				GCC_PREPROCESSOR_DEFINITIONS = (
					"DEBUG=1",
					"$(inherited)",
				);
				GCC_WARN_64_TO_32_BIT_CONVERSION = YES;
				GCC_WARN_ABOUT_RETURN_TYPE = YES_ERROR;
				GCC_WARN_UNDECLARED_SELECTOR = YES;
				GCC_WARN_UNINITIALIZED_AUTOS = YES_AGGRESSIVE;
				GCC_WARN_UNUSED_FUNCTION = YES;
				GCC_WARN_UNUSED_VARIABLE = YES;
				IPHONEOS_DEPLOYMENT_TARGET = 10.2;
				MTL_ENABLE_DEBUG_INFO = YES;
				ONLY_ACTIVE_ARCH = YES;
				SDKROOT = iphoneos;
				SWIFT_ACTIVE_COMPILATION_CONDITIONS = DEBUG;
				SWIFT_OPTIMIZATION_LEVEL = "-Onone";
				TARGETED_DEVICE_FAMILY = "1,2";
			};
			name = Debug;
		};
		EC2A48CF1E9C9A2C0093E224 /* Release */ = {
			isa = XCBuildConfiguration;
			buildSettings = {
				ALWAYS_SEARCH_USER_PATHS = NO;
				CLANG_ANALYZER_NONNULL = YES;
				CLANG_CXX_LANGUAGE_STANDARD = "gnu++0x";
				CLANG_CXX_LIBRARY = "libc++";
				CLANG_ENABLE_MODULES = YES;
				CLANG_ENABLE_OBJC_ARC = YES;
				CLANG_WARN_BOOL_CONVERSION = YES;
				CLANG_WARN_CONSTANT_CONVERSION = YES;
				CLANG_WARN_DIRECT_OBJC_ISA_USAGE = YES_ERROR;
				CLANG_WARN_DOCUMENTATION_COMMENTS = YES;
				CLANG_WARN_EMPTY_BODY = YES;
				CLANG_WARN_ENUM_CONVERSION = YES;
				CLANG_WARN_INFINITE_RECURSION = YES;
				CLANG_WARN_INT_CONVERSION = YES;
				CLANG_WARN_OBJC_ROOT_CLASS = YES_ERROR;
				CLANG_WARN_SUSPICIOUS_MOVE = YES;
				CLANG_WARN_UNREACHABLE_CODE = YES;
				CLANG_WARN__DUPLICATE_METHOD_MATCH = YES;
				"CODE_SIGN_IDENTITY[sdk=iphoneos*]" = "iPhone Developer";
				COPY_PHASE_STRIP = NO;
				DEBUG_INFORMATION_FORMAT = "dwarf-with-dsym";
				ENABLE_NS_ASSERTIONS = NO;
				ENABLE_STRICT_OBJC_MSGSEND = YES;
				GCC_C_LANGUAGE_STANDARD = gnu99;
				GCC_NO_COMMON_BLOCKS = YES;
				GCC_WARN_64_TO_32_BIT_CONVERSION = YES;
				GCC_WARN_ABOUT_RETURN_TYPE = YES_ERROR;
				GCC_WARN_UNDECLARED_SELECTOR = YES;
				GCC_WARN_UNINITIALIZED_AUTOS = YES_AGGRESSIVE;
				GCC_WARN_UNUSED_FUNCTION = YES;
				GCC_WARN_UNUSED_VARIABLE = YES;
				IPHONEOS_DEPLOYMENT_TARGET = 10.2;
				MTL_ENABLE_DEBUG_INFO = NO;
				SDKROOT = iphoneos;
				SWIFT_OPTIMIZATION_LEVEL = "-Owholemodule";
				TARGETED_DEVICE_FAMILY = "1,2";
				VALIDATE_PRODUCT = YES;
			};
			name = Release;
		};
		EC2A48D11E9C9A2C0093E224 /* Debug */ = {
			isa = XCBuildConfiguration;
			buildSettings = {
				ASSETCATALOG_COMPILER_APPICON_NAME = AppIcon;
				DEVELOPMENT_TEAM = 49CW28GC8V;
				INFOPLIST_FILE = toDo/Info.plist;
				LD_RUNPATH_SEARCH_PATHS = "$(inherited) @executable_path/Frameworks";
				PRODUCT_BUNDLE_IDENTIFIER = com.4mee.toDo;
				PRODUCT_NAME = "$(TARGET_NAME)";
				SWIFT_VERSION = 3.0;
			};
			name = Debug;
		};
		EC2A48D21E9C9A2C0093E224 /* Release */ = {
			isa = XCBuildConfiguration;
			buildSettings = {
				ASSETCATALOG_COMPILER_APPICON_NAME = AppIcon;
				DEVELOPMENT_TEAM = 49CW28GC8V;
				INFOPLIST_FILE = toDo/Info.plist;
				LD_RUNPATH_SEARCH_PATHS = "$(inherited) @executable_path/Frameworks";
				PRODUCT_BUNDLE_IDENTIFIER = com.4mee.toDo;
				PRODUCT_NAME = "$(TARGET_NAME)";
				SWIFT_VERSION = 3.0;
			};
			name = Release;
		};
/* End XCBuildConfiguration section */

/* Begin XCConfigurationList section */
		EC2A48B61E9C9A2B0093E224 /* Build configuration list for PBXProject "toDo" */ = {
			isa = XCConfigurationList;
			buildConfigurations = (
				EC2A48CE1E9C9A2C0093E224 /* Debug */,
				EC2A48CF1E9C9A2C0093E224 /* Release */,
			);
			defaultConfigurationIsVisible = 0;
			defaultConfigurationName = Release;
		};
		EC2A48D01E9C9A2C0093E224 /* Build configuration list for PBXNativeTarget "toDo" */ = {
			isa = XCConfigurationList;
			buildConfigurations = (
				EC2A48D11E9C9A2C0093E224 /* Debug */,
				EC2A48D21E9C9A2C0093E224 /* Release */,
			);
			defaultConfigurationIsVisible = 0;
		};
/* End XCConfigurationList section */

/* Begin XCVersionGroup section */
		EC2A48C51E9C9A2C0093E224 /* toDo.xcdatamodeld */ = {
			isa = XCVersionGroup;
			children = (
				EC2A48C61E9C9A2C0093E224 /* toDo.xcdatamodel */,
			);
			currentVersion = EC2A48C61E9C9A2C0093E224 /* toDo.xcdatamodel */;
			path = toDo.xcdatamodeld;
			sourceTree = "<group>";
			versionGroupType = wrapper.xcdatamodel;
		};
/* End XCVersionGroup section */
	};
	rootObject = EC2A48B31E9C9A2B0093E224 /* Project object */;
}
